
Microsoft Visual Studio Solution File, Format Version 12.00
# Visual Studio Version 17
VisualStudioVersion = 17.3.32901.215
MinimumVisualStudioVersion = 10.0.40219.1
Project("{FAE04EC0-301F-11D3-BF4B-00C04F79EFBC}") = "lab_4", "lab_4.csproj", "{313A6758-B6EF-4525-B06C-490B48CE0758}"
EndProject
Global
	GlobalSection(SolutionConfigurationPlatforms) = preSolution
		Debug|Any CPU = Debug|Any CPU
		Release|Any CPU = Release|Any CPU
	EndGlobalSection
	GlobalSection(ProjectConfigurationPlatforms) = postSolution
		{313A6758-B6EF-4525-B06C-490B48CE0758}.Debug|Any CPU.ActiveCfg = Debug|Any CPU
		{313A6758-B6EF-4525-B06C-490B48CE0758}.Debug|Any CPU.Build.0 = Debug|Any CPU
		{313A6758-B6EF-4525-B06C-490B48CE0758}.Release|Any CPU.ActiveCfg = Release|Any CPU
		{313A6758-B6EF-4525-B06C-490B48CE0758}.Release|Any CPU.Build.0 = Release|Any CPU
	EndGlobalSection
	GlobalSection(SolutionProperties) = preSolution
		HideSolutionNode = FALSE
	EndGlobalSection
	GlobalSection(ExtensibilityGlobals) = postSolution
		SolutionGuid = {2324B8E4-B3E9-4B9F-A091-7C349360308F}
	EndGlobalSection
EndGlobal
